
Microsoft Visual Studio Solution File, Format Version 12.00
# Visual Studio Version 17
VisualStudioVersion = 17.11.35327.3
MinimumVisualStudioVersion = 10.0.40219.1
Project("{FAE04EC0-301F-11D3-BF4B-00C04F79EFBC}") = "MoviesWebApi", "MoviesWebApi\MoviesWebApi.csproj", "{1431E9CE-7318-46E3-B27D-6B8115E3BB1A}"
EndProject
Project("{FAE04EC0-301F-11D3-BF4B-00C04F79EFBC}") = "MoviesWebApi.Tests", "MoviesWebApi.Tests\MoviesWebApi.Tests.csproj", "{014A7A6F-E093-4B2F-8A1B-E9162E2D0AD2}"
EndProject
Global
	GlobalSection(SolutionConfigurationPlatforms) = preSolution
		Debug|Any CPU = Debug|Any CPU
		Release|Any CPU = Release|Any CPU
	EndGlobalSection
	GlobalSection(ProjectConfigurationPlatforms) = postSolution
		{1431E9CE-7318-46E3-B27D-6B8115E3BB1A}.Debug|Any CPU.ActiveCfg = Debug|Any CPU
		{1431E9CE-7318-46E3-B27D-6B8115E3BB1A}.Debug|Any CPU.Build.0 = Debug|Any CPU
		{1431E9CE-7318-46E3-B27D-6B8115E3BB1A}.Release|Any CPU.ActiveCfg = Release|Any CPU
		{1431E9CE-7318-46E3-B27D-6B8115E3BB1A}.Release|Any CPU.Build.0 = Release|Any CPU
		{014A7A6F-E093-4B2F-8A1B-E9162E2D0AD2}.Debug|Any CPU.ActiveCfg = Debug|Any CPU
		{014A7A6F-E093-4B2F-8A1B-E9162E2D0AD2}.Debug|Any CPU.Build.0 = Debug|Any CPU
		{014A7A6F-E093-4B2F-8A1B-E9162E2D0AD2}.Release|Any CPU.ActiveCfg = Release|Any CPU
		{014A7A6F-E093-4B2F-8A1B-E9162E2D0AD2}.Release|Any CPU.Build.0 = Release|Any CPU
	EndGlobalSection
	GlobalSection(SolutionProperties) = preSolution
		HideSolutionNode = FALSE
	EndGlobalSection
	GlobalSection(ExtensibilityGlobals) = postSolution
		SolutionGuid = {474EC689-E724-4A82-9D02-912CDBD73CF9}
	EndGlobalSection
EndGlobal
